
Microsoft Visual Studio Solution File, Format Version 12.00
# Visual Studio Version 17
VisualStudioVersion = 17.14.36408.4 d17.14
MinimumVisualStudioVersion = 10.0.40219.1
Project("{FAE04EC0-301F-11D3-BF4B-00C04F79EFBC}") = "Movie Management API", "Movie Management API\Movie Management API.csproj", "{87EF0F7C-ECB9-4808-9443-397C57C2769B}"
EndProject
Global
	GlobalSection(SolutionConfigurationPlatforms) = preSolution
		Debug|Any CPU = Debug|Any CPU
		Release|Any CPU = Release|Any CPU
	EndGlobalSection
	GlobalSection(ProjectConfigurationPlatforms) = postSolution
		{87EF0F7C-ECB9-4808-9443-397C57C2769B}.Debug|Any CPU.ActiveCfg = Debug|Any CPU
		{87EF0F7C-ECB9-4808-9443-397C57C2769B}.Debug|Any CPU.Build.0 = Debug|Any CPU
		{87EF0F7C-ECB9-4808-9443-397C57C2769B}.Release|Any CPU.ActiveCfg = Release|Any CPU
		{87EF0F7C-ECB9-4808-9443-397C57C2769B}.Release|Any CPU.Build.0 = Release|Any CPU
	EndGlobalSection
	GlobalSection(SolutionProperties) = preSolution
		HideSolutionNode = FALSE
	EndGlobalSection
	GlobalSection(ExtensibilityGlobals) = postSolution
		SolutionGuid = {7D755D04-704A-47D7-810A-177E9D7CEDC9}
	EndGlobalSection
EndGlobal
